
Microsoft Visual Studio Solution File, Format Version 12.00
# Visual Studio 15
VisualStudioVersion = 15.0.28307.489
MinimumVisualStudioVersion = 10.0.40219.1
Project("{9A19103F-16F7-4668-BE54-9A1E7A4F7556}") = "RSATestWithSmallNumber", "RSATestWithSmallNumber\RSATestWithSmallNumber.csproj", "{C36A81CE-AED3-49D5-97CA-187B67DDF0EA}"
EndProject
Project("{FAE04EC0-301F-11D3-BF4B-00C04F79EFBC}") = "GenerateNumbers", "GenerateNumbers\GenerateNumbers.csproj", "{946E4797-FF1D-4994-922E-23FA934D800C}"
EndProject
Global
	GlobalSection(SolutionConfigurationPlatforms) = preSolution
		Debug|Any CPU = Debug|Any CPU
		Release|Any CPU = Release|Any CPU
	EndGlobalSection
	GlobalSection(ProjectConfigurationPlatforms) = postSolution
		{C36A81CE-AED3-49D5-97CA-187B67DDF0EA}.Debug|Any CPU.ActiveCfg = Debug|Any CPU
		{C36A81CE-AED3-49D5-97CA-187B67DDF0EA}.Debug|Any CPU.Build.0 = Debug|Any CPU
		{C36A81CE-AED3-49D5-97CA-187B67DDF0EA}.Release|Any CPU.ActiveCfg = Release|Any CPU
		{C36A81CE-AED3-49D5-97CA-187B67DDF0EA}.Release|Any CPU.Build.0 = Release|Any CPU
		{946E4797-FF1D-4994-922E-23FA934D800C}.Debug|Any CPU.ActiveCfg = Debug|Any CPU
		{946E4797-FF1D-4994-922E-23FA934D800C}.Debug|Any CPU.Build.0 = Debug|Any CPU
		{946E4797-FF1D-4994-922E-23FA934D800C}.Release|Any CPU.ActiveCfg = Release|Any CPU
		{946E4797-FF1D-4994-922E-23FA934D800C}.Release|Any CPU.Build.0 = Release|Any CPU
	EndGlobalSection
	GlobalSection(SolutionProperties) = preSolution
		HideSolutionNode = FALSE
	EndGlobalSection
	GlobalSection(ExtensibilityGlobals) = postSolution
		SolutionGuid = {68B5F728-4E73-4FA4-9224-AC9DB3D8AA59}
	EndGlobalSection
EndGlobal
